
Microsoft Visual Studio Solution File, Format Version 12.00
# Visual Studio Version 16
VisualStudioVersion = 16.0.31829.152
MinimumVisualStudioVersion = 10.0.40219.1
Project("{FAE04EC0-301F-11D3-BF4B-00C04F79EFBC}") = "MvvmFramework", "MvvmFramework\MvvmFramework.csproj", "{33C39DD3-77A0-41F7-9E55-2CC794B403C6}"
EndProject
Global
	GlobalSection(SolutionConfigurationPlatforms) = preSolution
		Debug|Any CPU = Debug|Any CPU
		Release|Any CPU = Release|Any CPU
	EndGlobalSection
	GlobalSection(ProjectConfigurationPlatforms) = postSolution
		{33C39DD3-77A0-41F7-9E55-2CC794B403C6}.Debug|Any CPU.ActiveCfg = Debug|Any CPU
		{33C39DD3-77A0-41F7-9E55-2CC794B403C6}.Debug|Any CPU.Build.0 = Debug|Any CPU
		{33C39DD3-77A0-41F7-9E55-2CC794B403C6}.Release|Any CPU.ActiveCfg = Release|Any CPU
		{33C39DD3-77A0-41F7-9E55-2CC794B403C6}.Release|Any CPU.Build.0 = Release|Any CPU
	EndGlobalSection
	GlobalSection(SolutionProperties) = preSolution
		HideSolutionNode = FALSE
	EndGlobalSection
	GlobalSection(ExtensibilityGlobals) = postSolution
		SolutionGuid = {DCBBEC02-D60D-4538-A00D-0B992FE04972}
	EndGlobalSection
EndGlobal
